
Microsoft Visual Studio Solution File, Format Version 12.00
# Visual Studio 15
VisualStudioVersion = 15.0.26206.0
MinimumVisualStudioVersion = 10.0.40219.1
Project("{8BC9CEB8-8B4A-11D0-8D11-00A0C91BC942}") = "TestDll", "TestDll\TestDll.vcxproj", "{12981EBB-FF12-4799-A46A-B11C4B56E0A6}"
EndProject
Project("{8BC9CEB8-8B4A-11D0-8D11-00A0C91BC942}") = "Dll1", "Dll1\Dll1.vcxproj", "{CEBF05C1-085A-4C8E-BDB7-D74D31F3E862}"
EndProject
Global
	GlobalSection(SolutionConfigurationPlatforms) = preSolution
		Debug|x64 = Debug|x64
		Debug|x86 = Debug|x86
		Release|x64 = Release|x64
		Release|x86 = Release|x86
	EndGlobalSection
	GlobalSection(ProjectConfigurationPlatforms) = postSolution
		{12981EBB-FF12-4799-A46A-B11C4B56E0A6}.Debug|x64.ActiveCfg = Debug|x64
		{12981EBB-FF12-4799-A46A-B11C4B56E0A6}.Debug|x64.Build.0 = Debug|x64
		{12981EBB-FF12-4799-A46A-B11C4B56E0A6}.Debug|x86.ActiveCfg = Debug|Win32
		{12981EBB-FF12-4799-A46A-B11C4B56E0A6}.Debug|x86.Build.0 = Debug|Win32
		{12981EBB-FF12-4799-A46A-B11C4B56E0A6}.Release|x64.ActiveCfg = Release|x64
		{12981EBB-FF12-4799-A46A-B11C4B56E0A6}.Release|x64.Build.0 = Release|x64
		{12981EBB-FF12-4799-A46A-B11C4B56E0A6}.Release|x86.ActiveCfg = Release|Win32
		{12981EBB-FF12-4799-A46A-B11C4B56E0A6}.Release|x86.Build.0 = Release|Win32
		{CEBF05C1-085A-4C8E-BDB7-D74D31F3E862}.Debug|x64.ActiveCfg = Debug|x64
		{CEBF05C1-085A-4C8E-BDB7-D74D31F3E862}.Debug|x64.Build.0 = Debug|x64
		{CEBF05C1-085A-4C8E-BDB7-D74D31F3E862}.Debug|x86.ActiveCfg = Debug|Win32
		{CEBF05C1-085A-4C8E-BDB7-D74D31F3E862}.Debug|x86.Build.0 = Debug|Win32
		{CEBF05C1-085A-4C8E-BDB7-D74D31F3E862}.Release|x64.ActiveCfg = Release|x64
		{CEBF05C1-085A-4C8E-BDB7-D74D31F3E862}.Release|x64.Build.0 = Release|x64
		{CEBF05C1-085A-4C8E-BDB7-D74D31F3E862}.Release|x86.ActiveCfg = Release|Win32
		{CEBF05C1-085A-4C8E-BDB7-D74D31F3E862}.Release|x86.Build.0 = Release|Win32
	EndGlobalSection
	GlobalSection(SolutionProperties) = preSolution
		HideSolutionNode = FALSE
	EndGlobalSection
EndGlobal
